# This file is automatically @generated by Cargo.
# It is not intended for manual editing.
version = 4

[[package]]
name = "lst_reward_dispatcher"
version = "0.0.1"

[[package]]
name = "lst_reward_hub"
version = "0.0.1"

[[package]]
name = "lst_staking_hub"
version = "0.0.1"

[[package]]
name = "lst_token"
version = "0.1.0"

[[package]]
name = "lst_validators_registry"
version = "0.0.1"
